
Microsoft Visual Studio Solution File, Format Version 12.00
# Visual Studio Version 17
VisualStudioVersion = 17.14.36518.9
MinimumVisualStudioVersion = 10.0.40219.1
Project("{FAE04EC0-301F-11D3-BF4B-00C04F79EFBC}") = "PymeCore", "PymeCore\PymeCore.csproj", "{955A17D1-A5BB-4874-84E3-2AE2DB017437}"
EndProject
Project("{FAE04EC0-301F-11D3-BF4B-00C04F79EFBC}") = "PymeCore.Tests", "PymeCore.Tests\PymeCore.Tests.csproj", "{290B3D45-A354-B7EE-7340-39A370C02114}"
EndProject
Global
	GlobalSection(SolutionConfigurationPlatforms) = preSolution
		Debug|Any CPU = Debug|Any CPU
		Release|Any CPU = Release|Any CPU
	EndGlobalSection
	GlobalSection(ProjectConfigurationPlatforms) = postSolution
		{955A17D1-A5BB-4874-84E3-2AE2DB017437}.Debug|Any CPU.ActiveCfg = Debug|Any CPU
		{955A17D1-A5BB-4874-84E3-2AE2DB017437}.Debug|Any CPU.Build.0 = Debug|Any CPU
		{955A17D1-A5BB-4874-84E3-2AE2DB017437}.Release|Any CPU.ActiveCfg = Release|Any CPU
		{955A17D1-A5BB-4874-84E3-2AE2DB017437}.Release|Any CPU.Build.0 = Release|Any CPU
		{290B3D45-A354-B7EE-7340-39A370C02114}.Debug|Any CPU.ActiveCfg = Debug|Any CPU
		{290B3D45-A354-B7EE-7340-39A370C02114}.Debug|Any CPU.Build.0 = Debug|Any CPU
		{290B3D45-A354-B7EE-7340-39A370C02114}.Release|Any CPU.ActiveCfg = Release|Any CPU
		{290B3D45-A354-B7EE-7340-39A370C02114}.Release|Any CPU.Build.0 = Release|Any CPU
	EndGlobalSection
	GlobalSection(SolutionProperties) = preSolution
		HideSolutionNode = FALSE
	EndGlobalSection
	GlobalSection(ExtensibilityGlobals) = postSolution
		SolutionGuid = {FADCF068-E8E1-48F6-B212-9F0AA191ED76}
	EndGlobalSection
EndGlobal
